
Microsoft Visual Studio Solution File, Format Version 12.00
# Visual Studio 14
VisualStudioVersion = 14.0.23107.0
MinimumVisualStudioVersion = 10.0.40219.1
Project("{FAE04EC0-301F-11D3-BF4B-00C04F79EFBC}") = "ServeKliyent-V2", "ServeKliyent-V2\ServeKliyent-V2.csproj", "{E34250C2-D5A9-4286-A13D-B357B3382144}"
EndProject
Project("{FAE04EC0-301F-11D3-BF4B-00C04F79EFBC}") = "PlusCommands", "TestPlugin\PlusCommands.csproj", "{819F5CAE-9769-4197-B088-02D695BA41A3}"
EndProject
Global
	GlobalSection(SolutionConfigurationPlatforms) = preSolution
		Debug|Any CPU = Debug|Any CPU
		Release|Any CPU = Release|Any CPU
	EndGlobalSection
	GlobalSection(ProjectConfigurationPlatforms) = postSolution
		{E34250C2-D5A9-4286-A13D-B357B3382144}.Debug|Any CPU.ActiveCfg = Debug|Any CPU
		{E34250C2-D5A9-4286-A13D-B357B3382144}.Debug|Any CPU.Build.0 = Debug|Any CPU
		{E34250C2-D5A9-4286-A13D-B357B3382144}.Release|Any CPU.ActiveCfg = Release|Any CPU
		{E34250C2-D5A9-4286-A13D-B357B3382144}.Release|Any CPU.Build.0 = Release|Any CPU
		{819F5CAE-9769-4197-B088-02D695BA41A3}.Debug|Any CPU.ActiveCfg = Debug|Any CPU
		{819F5CAE-9769-4197-B088-02D695BA41A3}.Debug|Any CPU.Build.0 = Debug|Any CPU
		{819F5CAE-9769-4197-B088-02D695BA41A3}.Release|Any CPU.ActiveCfg = Release|Any CPU
		{819F5CAE-9769-4197-B088-02D695BA41A3}.Release|Any CPU.Build.0 = Release|Any CPU
	EndGlobalSection
	GlobalSection(SolutionProperties) = preSolution
		HideSolutionNode = FALSE
	EndGlobalSection
EndGlobal
